
Microsoft Visual Studio Solution File, Format Version 12.00
# Visual Studio Version 17
VisualStudioVersion = 17.4.33205.214
MinimumVisualStudioVersion = 10.0.40219.1
Project("{9A19103F-16F7-4668-BE54-9A1E7A4F7556}") = "01-MVC-Uygulama", "01-MVC-Uygulama\01-MVC-Uygulama.csproj", "{0F609104-9486-4553-8890-5B131134CFEE}"
EndProject
Project("{9A19103F-16F7-4668-BE54-9A1E7A4F7556}") = "02-MVC-VeriTransferi", "02-MVC-VeriTransferi\02-MVC-VeriTransferi.csproj", "{165130CF-0AE4-498E-8B95-855320C155A5}"
EndProject
Project("{9A19103F-16F7-4668-BE54-9A1E7A4F7556}") = "03-MVC-CRUD", "03-MVC-CRUD\03-MVC-CRUD.csproj", "{8E215F59-00EA-4889-8834-3F71BE26C6D7}"
EndProject
Project("{9A19103F-16F7-4668-BE54-9A1E7A4F7556}") = "04-MVC-Layout-Partial-ViewComp", "04-MVC-Layout-Partial-ViewComp\04-MVC-Layout-Partial-ViewComp.csproj", "{08815DDC-7F31-4111-962D-61899BAE21A7}"
EndProject
Project("{9A19103F-16F7-4668-BE54-9A1E7A4F7556}") = "05-MVC-SinifOgrenci", "05-MVC-SinifOgrenci\05-MVC-SinifOgrenci.csproj", "{E8D86F78-0CE8-4385-93FB-5334FDF28853}"
EndProject
Project("{9A19103F-16F7-4668-BE54-9A1E7A4F7556}") = "06-MVC-Validation", "06-MVC-Validation\06-MVC-Validation.csproj", "{82BA4563-6916-4BEA-AF6B-8D380F730638}"
EndProject
Project("{9A19103F-16F7-4668-BE54-9A1E7A4F7556}") = "07-MVC-EmployeeEntity", "07-MVC-EmployeeEntity\07-MVC-EmployeeEntity.csproj", "{23A69681-0D09-4CDA-8729-E74C4D42392D}"
EndProject
Project("{9A19103F-16F7-4668-BE54-9A1E7A4F7556}") = "08-MVC-AjaxCRUD", "08-MVC-AjaxCRUD\08-MVC-AjaxCRUD.csproj", "{9EE8D5DB-54B3-4531-9864-BA4515159E69}"
EndProject
Project("{9A19103F-16F7-4668-BE54-9A1E7A4F7556}") = "09-API-HospitalProject", "09-API-HospitalProject\09-API-HospitalProject.csproj", "{DDE52340-4CAF-45C2-8453-035E4755C625}"
EndProject
Project("{FAE04EC0-301F-11D3-BF4B-00C04F79EFBC}") = "10-API-HospialProject(Erdinc)", "10-API-HospialProject(Erdinc)\10-API-HospialProject(Erdinc).csproj", "{82006DE2-ECE1-46B7-B8F6-223CAF6949C7}"
EndProject
Project("{FAE04EC0-301F-11D3-BF4B-00C04F79EFBC}") = "11-MVC-ApiToMvcGetData", "11-MVC-ApiToMvcGetData\11-MVC-ApiToMvcGetData.csproj", "{7B837133-A6FE-4300-BF28-3D31BD535A45}"
EndProject
Global
	GlobalSection(SolutionConfigurationPlatforms) = preSolution
		Debug|Any CPU = Debug|Any CPU
		Release|Any CPU = Release|Any CPU
	EndGlobalSection
	GlobalSection(ProjectConfigurationPlatforms) = postSolution
		{0F609104-9486-4553-8890-5B131134CFEE}.Debug|Any CPU.ActiveCfg = Debug|Any CPU
		{0F609104-9486-4553-8890-5B131134CFEE}.Debug|Any CPU.Build.0 = Debug|Any CPU
		{0F609104-9486-4553-8890-5B131134CFEE}.Release|Any CPU.ActiveCfg = Release|Any CPU
		{0F609104-9486-4553-8890-5B131134CFEE}.Release|Any CPU.Build.0 = Release|Any CPU
		{165130CF-0AE4-498E-8B95-855320C155A5}.Debug|Any CPU.ActiveCfg = Debug|Any CPU
		{165130CF-0AE4-498E-8B95-855320C155A5}.Debug|Any CPU.Build.0 = Debug|Any CPU
		{165130CF-0AE4-498E-8B95-855320C155A5}.Release|Any CPU.ActiveCfg = Release|Any CPU
		{165130CF-0AE4-498E-8B95-855320C155A5}.Release|Any CPU.Build.0 = Release|Any CPU
		{8E215F59-00EA-4889-8834-3F71BE26C6D7}.Debug|Any CPU.ActiveCfg = Debug|Any CPU
		{8E215F59-00EA-4889-8834-3F71BE26C6D7}.Debug|Any CPU.Build.0 = Debug|Any CPU
		{8E215F59-00EA-4889-8834-3F71BE26C6D7}.Release|Any CPU.ActiveCfg = Release|Any CPU
		{8E215F59-00EA-4889-8834-3F71BE26C6D7}.Release|Any CPU.Build.0 = Release|Any CPU
		{08815DDC-7F31-4111-962D-61899BAE21A7}.Debug|Any CPU.ActiveCfg = Debug|Any CPU
		{08815DDC-7F31-4111-962D-61899BAE21A7}.Debug|Any CPU.Build.0 = Debug|Any CPU
		{08815DDC-7F31-4111-962D-61899BAE21A7}.Release|Any CPU.ActiveCfg = Release|Any CPU
		{08815DDC-7F31-4111-962D-61899BAE21A7}.Release|Any CPU.Build.0 = Release|Any CPU
		{E8D86F78-0CE8-4385-93FB-5334FDF28853}.Debug|Any CPU.ActiveCfg = Debug|Any CPU
		{E8D86F78-0CE8-4385-93FB-5334FDF28853}.Debug|Any CPU.Build.0 = Debug|Any CPU
		{E8D86F78-0CE8-4385-93FB-5334FDF28853}.Release|Any CPU.ActiveCfg = Release|Any CPU
		{E8D86F78-0CE8-4385-93FB-5334FDF28853}.Release|Any CPU.Build.0 = Release|Any CPU
		{82BA4563-6916-4BEA-AF6B-8D380F730638}.Debug|Any CPU.ActiveCfg = Debug|Any CPU
		{82BA4563-6916-4BEA-AF6B-8D380F730638}.Debug|Any CPU.Build.0 = Debug|Any CPU
		{82BA4563-6916-4BEA-AF6B-8D380F730638}.Release|Any CPU.ActiveCfg = Release|Any CPU
		{82BA4563-6916-4BEA-AF6B-8D380F730638}.Release|Any CPU.Build.0 = Release|Any CPU
		{23A69681-0D09-4CDA-8729-E74C4D42392D}.Debug|Any CPU.ActiveCfg = Debug|Any CPU
		{23A69681-0D09-4CDA-8729-E74C4D42392D}.Debug|Any CPU.Build.0 = Debug|Any CPU
		{23A69681-0D09-4CDA-8729-E74C4D42392D}.Release|Any CPU.ActiveCfg = Release|Any CPU
		{23A69681-0D09-4CDA-8729-E74C4D42392D}.Release|Any CPU.Build.0 = Release|Any CPU
		{9EE8D5DB-54B3-4531-9864-BA4515159E69}.Debug|Any CPU.ActiveCfg = Debug|Any CPU
		{9EE8D5DB-54B3-4531-9864-BA4515159E69}.Debug|Any CPU.Build.0 = Debug|Any CPU
		{9EE8D5DB-54B3-4531-9864-BA4515159E69}.Release|Any CPU.ActiveCfg = Release|Any CPU
		{9EE8D5DB-54B3-4531-9864-BA4515159E69}.Release|Any CPU.Build.0 = Release|Any CPU
		{DDE52340-4CAF-45C2-8453-035E4755C625}.Debug|Any CPU.ActiveCfg = Debug|Any CPU
		{DDE52340-4CAF-45C2-8453-035E4755C625}.Debug|Any CPU.Build.0 = Debug|Any CPU
		{DDE52340-4CAF-45C2-8453-035E4755C625}.Release|Any CPU.ActiveCfg = Release|Any CPU
		{DDE52340-4CAF-45C2-8453-035E4755C625}.Release|Any CPU.Build.0 = Release|Any CPU
		{82006DE2-ECE1-46B7-B8F6-223CAF6949C7}.Debug|Any CPU.ActiveCfg = Debug|Any CPU
		{82006DE2-ECE1-46B7-B8F6-223CAF6949C7}.Debug|Any CPU.Build.0 = Debug|Any CPU
		{82006DE2-ECE1-46B7-B8F6-223CAF6949C7}.Release|Any CPU.ActiveCfg = Release|Any CPU
		{82006DE2-ECE1-46B7-B8F6-223CAF6949C7}.Release|Any CPU.Build.0 = Release|Any CPU
		{7B837133-A6FE-4300-BF28-3D31BD535A45}.Debug|Any CPU.ActiveCfg = Debug|Any CPU
		{7B837133-A6FE-4300-BF28-3D31BD535A45}.Debug|Any CPU.Build.0 = Debug|Any CPU
		{7B837133-A6FE-4300-BF28-3D31BD535A45}.Release|Any CPU.ActiveCfg = Release|Any CPU
		{7B837133-A6FE-4300-BF28-3D31BD535A45}.Release|Any CPU.Build.0 = Release|Any CPU
	EndGlobalSection
	GlobalSection(SolutionProperties) = preSolution
		HideSolutionNode = FALSE
	EndGlobalSection
	GlobalSection(ExtensibilityGlobals) = postSolution
		SolutionGuid = {2BBBB507-1091-47E1-8D51-F75C4B90C67D}
	EndGlobalSection
EndGlobal
